
Microsoft Visual Studio Solution File, Format Version 12.00
# Visual Studio Version 17
VisualStudioVersion = 17.7.34018.315
MinimumVisualStudioVersion = 10.0.40219.1
Project("{FAE04EC0-301F-11D3-BF4B-00C04F79EFBC}") = "StudentScoreHub", "StudentScoreHub.csproj", "{E8BCFEB1-2901-4006-9248-C2FEA5BF48D4}"
EndProject
Global
	GlobalSection(SolutionConfigurationPlatforms) = preSolution
		Debug|Any CPU = Debug|Any CPU
		Release|Any CPU = Release|Any CPU
	EndGlobalSection
	GlobalSection(ProjectConfigurationPlatforms) = postSolution
		{E8BCFEB1-2901-4006-9248-C2FEA5BF48D4}.Debug|Any CPU.ActiveCfg = Debug|Any CPU
		{E8BCFEB1-2901-4006-9248-C2FEA5BF48D4}.Debug|Any CPU.Build.0 = Debug|Any CPU
		{E8BCFEB1-2901-4006-9248-C2FEA5BF48D4}.Release|Any CPU.ActiveCfg = Release|Any CPU
		{E8BCFEB1-2901-4006-9248-C2FEA5BF48D4}.Release|Any CPU.Build.0 = Release|Any CPU
	EndGlobalSection
	GlobalSection(SolutionProperties) = preSolution
		HideSolutionNode = FALSE
	EndGlobalSection
	GlobalSection(ExtensibilityGlobals) = postSolution
		SolutionGuid = {088D0CCD-9469-4251-9D0B-ECA00F4F8C36}
	EndGlobalSection
EndGlobal
